
Microsoft Visual Studio Solution File, Format Version 12.00
# Visual Studio Version 16
VisualStudioVersion = 16.0.30717.126
MinimumVisualStudioVersion = 10.0.40219.1
Project("{FAE04EC0-301F-11D3-BF4B-00C04F79EFBC}") = "Arte", "Arte\Arte.csproj", "{4831F541-0329-4D2A-A0A6-C593C06AE3FC}"
EndProject
Global
	GlobalSection(SolutionConfigurationPlatforms) = preSolution
		Debug|Any CPU = Debug|Any CPU
		Release|Any CPU = Release|Any CPU
	EndGlobalSection
	GlobalSection(ProjectConfigurationPlatforms) = postSolution
		{4831F541-0329-4D2A-A0A6-C593C06AE3FC}.Debug|Any CPU.ActiveCfg = Debug|Any CPU
		{4831F541-0329-4D2A-A0A6-C593C06AE3FC}.Debug|Any CPU.Build.0 = Debug|Any CPU
		{4831F541-0329-4D2A-A0A6-C593C06AE3FC}.Release|Any CPU.ActiveCfg = Release|Any CPU
		{4831F541-0329-4D2A-A0A6-C593C06AE3FC}.Release|Any CPU.Build.0 = Release|Any CPU
	EndGlobalSection
	GlobalSection(SolutionProperties) = preSolution
		HideSolutionNode = FALSE
	EndGlobalSection
	GlobalSection(ExtensibilityGlobals) = postSolution
		SolutionGuid = {955260AA-C518-4C68-8B51-D770B7D01620}
	EndGlobalSection
EndGlobal
