
Microsoft Visual Studio Solution File, Format Version 12.00
# Visual Studio Version 16
VisualStudioVersion = 16.0.30717.126
MinimumVisualStudioVersion = 10.0.40219.1
Project("{FAE04EC0-301F-11D3-BF4B-00C04F79EFBC}") = "C20H25N3O", "C20H25N3O\C20H25N3O.csproj", "{013B3E6C-26BA-4EC6-A427-0497DBF9A7BE}"
EndProject
Global
	GlobalSection(SolutionConfigurationPlatforms) = preSolution
		Debug|Any CPU = Debug|Any CPU
		Release|Any CPU = Release|Any CPU
	EndGlobalSection
	GlobalSection(ProjectConfigurationPlatforms) = postSolution
		{013B3E6C-26BA-4EC6-A427-0497DBF9A7BE}.Debug|Any CPU.ActiveCfg = Debug|Any CPU
		{013B3E6C-26BA-4EC6-A427-0497DBF9A7BE}.Debug|Any CPU.Build.0 = Debug|Any CPU
		{013B3E6C-26BA-4EC6-A427-0497DBF9A7BE}.Release|Any CPU.ActiveCfg = Release|Any CPU
		{013B3E6C-26BA-4EC6-A427-0497DBF9A7BE}.Release|Any CPU.Build.0 = Release|Any CPU
	EndGlobalSection
	GlobalSection(SolutionProperties) = preSolution
		HideSolutionNode = FALSE
	EndGlobalSection
	GlobalSection(ExtensibilityGlobals) = postSolution
		SolutionGuid = {E4881919-D0B9-4508-A429-CFCD227C1C3F}
	EndGlobalSection
EndGlobal
