
Microsoft Visual Studio Solution File, Format Version 12.00
# Visual Studio Version 16
VisualStudioVersion = 16.0.30717.126
MinimumVisualStudioVersion = 10.0.40219.1
Project("{FAE04EC0-301F-11D3-BF4B-00C04F79EFBC}") = "Criminosa_Matriz_Do_Criminoso_Chip_2001721017", "Criminosa_Matriz_Do_Criminoso_Chip_2001721017\Criminosa_Matriz_Do_Criminoso_Chip_2001721017.csproj", "{0D380624-5A80-4CFE-BF5E-69F55758155A}"
EndProject
Global
	GlobalSection(SolutionConfigurationPlatforms) = preSolution
		Debug|Any CPU = Debug|Any CPU
		Release|Any CPU = Release|Any CPU
	EndGlobalSection
	GlobalSection(ProjectConfigurationPlatforms) = postSolution
		{0D380624-5A80-4CFE-BF5E-69F55758155A}.Debug|Any CPU.ActiveCfg = Debug|Any CPU
		{0D380624-5A80-4CFE-BF5E-69F55758155A}.Debug|Any CPU.Build.0 = Debug|Any CPU
		{0D380624-5A80-4CFE-BF5E-69F55758155A}.Release|Any CPU.ActiveCfg = Release|Any CPU
		{0D380624-5A80-4CFE-BF5E-69F55758155A}.Release|Any CPU.Build.0 = Release|Any CPU
	EndGlobalSection
	GlobalSection(SolutionProperties) = preSolution
		HideSolutionNode = FALSE
	EndGlobalSection
	GlobalSection(ExtensibilityGlobals) = postSolution
		SolutionGuid = {E5F32CB7-C6D9-40EC-A93A-29F8D4DD5D59}
	EndGlobalSection
EndGlobal
