
Microsoft Visual Studio Solution File, Format Version 12.00
# Visual Studio Version 16
VisualStudioVersion = 16.0.30717.126
MinimumVisualStudioVersion = 10.0.40219.1
Project("{FAE04EC0-301F-11D3-BF4B-00C04F79EFBC}") = "Criminosa_Matriz_Do_Criminoso_Chip_24050200405", "Criminosa_Matriz_Do_Criminoso_Chip_24050200405\Criminosa_Matriz_Do_Criminoso_Chip_24050200405.csproj", "{D0FE3B64-C14F-4EEC-9EB7-FE5C84848181}"
EndProject
Global
	GlobalSection(SolutionConfigurationPlatforms) = preSolution
		Debug|Any CPU = Debug|Any CPU
		Release|Any CPU = Release|Any CPU
	EndGlobalSection
	GlobalSection(ProjectConfigurationPlatforms) = postSolution
		{D0FE3B64-C14F-4EEC-9EB7-FE5C84848181}.Debug|Any CPU.ActiveCfg = Debug|Any CPU
		{D0FE3B64-C14F-4EEC-9EB7-FE5C84848181}.Debug|Any CPU.Build.0 = Debug|Any CPU
		{D0FE3B64-C14F-4EEC-9EB7-FE5C84848181}.Release|Any CPU.ActiveCfg = Release|Any CPU
		{D0FE3B64-C14F-4EEC-9EB7-FE5C84848181}.Release|Any CPU.Build.0 = Release|Any CPU
	EndGlobalSection
	GlobalSection(SolutionProperties) = preSolution
		HideSolutionNode = FALSE
	EndGlobalSection
	GlobalSection(ExtensibilityGlobals) = postSolution
		SolutionGuid = {FEADCF28-6FB1-4949-96EC-0C2F84DAF13D}
	EndGlobalSection
EndGlobal
