
Microsoft Visual Studio Solution File, Format Version 12.00
# Visual Studio Version 16
VisualStudioVersion = 16.0.30717.126
MinimumVisualStudioVersion = 10.0.40219.1
Project("{FAE04EC0-301F-11D3-BF4B-00C04F79EFBC}") = "C₂₁H₃₀O₂", "C₂₁H₃₀O₂\C₂₁H₃₀O₂.csproj", "{6A951F84-AE30-4D98-9190-85951D464203}"
EndProject
Global
	GlobalSection(SolutionConfigurationPlatforms) = preSolution
		Debug|Any CPU = Debug|Any CPU
		Release|Any CPU = Release|Any CPU
	EndGlobalSection
	GlobalSection(ProjectConfigurationPlatforms) = postSolution
		{6A951F84-AE30-4D98-9190-85951D464203}.Debug|Any CPU.ActiveCfg = Debug|Any CPU
		{6A951F84-AE30-4D98-9190-85951D464203}.Debug|Any CPU.Build.0 = Debug|Any CPU
		{6A951F84-AE30-4D98-9190-85951D464203}.Release|Any CPU.ActiveCfg = Release|Any CPU
		{6A951F84-AE30-4D98-9190-85951D464203}.Release|Any CPU.Build.0 = Release|Any CPU
	EndGlobalSection
	GlobalSection(SolutionProperties) = preSolution
		HideSolutionNode = FALSE
	EndGlobalSection
	GlobalSection(ExtensibilityGlobals) = postSolution
		SolutionGuid = {2DC961E8-1EC8-48E6-8D15-337FCCD8A9A0}
	EndGlobalSection
EndGlobal
