
Microsoft Visual Studio Solution File, Format Version 12.00
# Visual Studio Version 16
VisualStudioVersion = 16.0.30717.126
MinimumVisualStudioVersion = 10.0.40219.1
Project("{FAE04EC0-301F-11D3-BF4B-00C04F79EFBC}") = "Fogo", "Fogo\Fogo.csproj", "{BBFB856E-5E6E-462A-A0C0-34558F64B2F7}"
EndProject
Global
	GlobalSection(SolutionConfigurationPlatforms) = preSolution
		Debug|Any CPU = Debug|Any CPU
		Release|Any CPU = Release|Any CPU
	EndGlobalSection
	GlobalSection(ProjectConfigurationPlatforms) = postSolution
		{BBFB856E-5E6E-462A-A0C0-34558F64B2F7}.Debug|Any CPU.ActiveCfg = Debug|Any CPU
		{BBFB856E-5E6E-462A-A0C0-34558F64B2F7}.Debug|Any CPU.Build.0 = Debug|Any CPU
		{BBFB856E-5E6E-462A-A0C0-34558F64B2F7}.Release|Any CPU.ActiveCfg = Release|Any CPU
		{BBFB856E-5E6E-462A-A0C0-34558F64B2F7}.Release|Any CPU.Build.0 = Release|Any CPU
	EndGlobalSection
	GlobalSection(SolutionProperties) = preSolution
		HideSolutionNode = FALSE
	EndGlobalSection
	GlobalSection(ExtensibilityGlobals) = postSolution
		SolutionGuid = {3FEBD6E8-4665-42AB-97C7-B589DF49C73C}
	EndGlobalSection
EndGlobal
