
Microsoft Visual Studio Solution File, Format Version 12.00
# Visual Studio Version 16
VisualStudioVersion = 16.0.30717.126
MinimumVisualStudioVersion = 10.0.40219.1
Project("{FAE04EC0-301F-11D3-BF4B-00C04F79EFBC}") = "H2O", "H2O\H2O.csproj", "{EF90360C-6F3C-4DB2-8DF1-79F99EE41681}"
EndProject
Global
	GlobalSection(SolutionConfigurationPlatforms) = preSolution
		Debug|Any CPU = Debug|Any CPU
		Release|Any CPU = Release|Any CPU
	EndGlobalSection
	GlobalSection(ProjectConfigurationPlatforms) = postSolution
		{EF90360C-6F3C-4DB2-8DF1-79F99EE41681}.Debug|Any CPU.ActiveCfg = Debug|Any CPU
		{EF90360C-6F3C-4DB2-8DF1-79F99EE41681}.Debug|Any CPU.Build.0 = Debug|Any CPU
		{EF90360C-6F3C-4DB2-8DF1-79F99EE41681}.Release|Any CPU.ActiveCfg = Release|Any CPU
		{EF90360C-6F3C-4DB2-8DF1-79F99EE41681}.Release|Any CPU.Build.0 = Release|Any CPU
	EndGlobalSection
	GlobalSection(SolutionProperties) = preSolution
		HideSolutionNode = FALSE
	EndGlobalSection
	GlobalSection(ExtensibilityGlobals) = postSolution
		SolutionGuid = {E0B53AE4-8444-4B9D-9F60-46FF7A41206D}
	EndGlobalSection
EndGlobal
