
Microsoft Visual Studio Solution File, Format Version 12.00
# Visual Studio Version 16
VisualStudioVersion = 16.0.30717.126
MinimumVisualStudioVersion = 10.0.40219.1
Project("{FAE04EC0-301F-11D3-BF4B-00C04F79EFBC}") = "Internal_Matriz_Da_Criminosa", "Internal_Matriz_Da_Criminosa\Internal_Matriz_Da_Criminosa.csproj", "{81F17496-D636-42D3-990F-4653AA643F53}"
EndProject
Global
	GlobalSection(SolutionConfigurationPlatforms) = preSolution
		Debug|Any CPU = Debug|Any CPU
		Release|Any CPU = Release|Any CPU
	EndGlobalSection
	GlobalSection(ProjectConfigurationPlatforms) = postSolution
		{81F17496-D636-42D3-990F-4653AA643F53}.Debug|Any CPU.ActiveCfg = Debug|Any CPU
		{81F17496-D636-42D3-990F-4653AA643F53}.Debug|Any CPU.Build.0 = Debug|Any CPU
		{81F17496-D636-42D3-990F-4653AA643F53}.Release|Any CPU.ActiveCfg = Release|Any CPU
		{81F17496-D636-42D3-990F-4653AA643F53}.Release|Any CPU.Build.0 = Release|Any CPU
	EndGlobalSection
	GlobalSection(SolutionProperties) = preSolution
		HideSolutionNode = FALSE
	EndGlobalSection
	GlobalSection(ExtensibilityGlobals) = postSolution
		SolutionGuid = {DD89DA5E-1B2D-48D6-A6FD-DB0B0C00EC2E}
	EndGlobalSection
EndGlobal
