
Microsoft Visual Studio Solution File, Format Version 12.00
# Visual Studio Version 16
VisualStudioVersion = 16.0.30717.126
MinimumVisualStudioVersion = 10.0.40219.1
Project("{FAE04EC0-301F-11D3-BF4B-00C04F79EFBC}") = "Internal_Matriz_Do_Criminal_Som", "Internal_Matriz_Do_Criminal_Som\Internal_Matriz_Do_Criminal_Som.csproj", "{9F639273-BB8A-451D-B0ED-0A1E47F1E90B}"
EndProject
Global
	GlobalSection(SolutionConfigurationPlatforms) = preSolution
		Debug|Any CPU = Debug|Any CPU
		Release|Any CPU = Release|Any CPU
	EndGlobalSection
	GlobalSection(ProjectConfigurationPlatforms) = postSolution
		{9F639273-BB8A-451D-B0ED-0A1E47F1E90B}.Debug|Any CPU.ActiveCfg = Debug|Any CPU
		{9F639273-BB8A-451D-B0ED-0A1E47F1E90B}.Debug|Any CPU.Build.0 = Debug|Any CPU
		{9F639273-BB8A-451D-B0ED-0A1E47F1E90B}.Release|Any CPU.ActiveCfg = Release|Any CPU
		{9F639273-BB8A-451D-B0ED-0A1E47F1E90B}.Release|Any CPU.Build.0 = Release|Any CPU
	EndGlobalSection
	GlobalSection(SolutionProperties) = preSolution
		HideSolutionNode = FALSE
	EndGlobalSection
	GlobalSection(ExtensibilityGlobals) = postSolution
		SolutionGuid = {5F37D509-B16E-4748-B79C-F2AB9B9E374B}
	EndGlobalSection
EndGlobal
