
Microsoft Visual Studio Solution File, Format Version 12.00
# Visual Studio Version 16
VisualStudioVersion = 16.0.30717.126
MinimumVisualStudioVersion = 10.0.40219.1
Project("{FAE04EC0-301F-11D3-BF4B-00C04F79EFBC}") = "Internal_Matriz_Do_Pensar", "Internal_Matriz_Do_Pensamento\Internal_Matriz_Do_Pensamento.csproj", "{DDB72A2C-49F6-42A7-BE93-F771B992FAB2}"
EndProject
Global
	GlobalSection(SolutionConfigurationPlatforms) = preSolution
		Debug|Any CPU = Debug|Any CPU
		Release|Any CPU = Release|Any CPU
	EndGlobalSection
	GlobalSection(ProjectConfigurationPlatforms) = postSolution
		{DDB72A2C-49F6-42A7-BE93-F771B992FAB2}.Debug|Any CPU.ActiveCfg = Debug|Any CPU
		{DDB72A2C-49F6-42A7-BE93-F771B992FAB2}.Debug|Any CPU.Build.0 = Debug|Any CPU
		{DDB72A2C-49F6-42A7-BE93-F771B992FAB2}.Release|Any CPU.ActiveCfg = Release|Any CPU
		{DDB72A2C-49F6-42A7-BE93-F771B992FAB2}.Release|Any CPU.Build.0 = Release|Any CPU
	EndGlobalSection
	GlobalSection(SolutionProperties) = preSolution
		HideSolutionNode = FALSE
	EndGlobalSection
	GlobalSection(ExtensibilityGlobals) = postSolution
		SolutionGuid = {ACFCBF3A-3C76-4F0E-9252-C0F9D786BBDB}
	EndGlobalSection
EndGlobal
