
Microsoft Visual Studio Solution File, Format Version 12.00
# Visual Studio Version 16
VisualStudioVersion = 16.0.30717.126
MinimumVisualStudioVersion = 10.0.40219.1
Project("{FAE04EC0-301F-11D3-BF4B-00C04F79EFBC}") = "Internal_Matriz_Da_Criminoso_Pensamento", "Internal_Matriz_Da_Criminoso_Pensamento\Internal_Matriz_Da_Criminoso_Pensamento.csproj", "{9837127F-85FB-4677-90D9-28DA69453EE0}"
EndProject
Global
	GlobalSection(SolutionConfigurationPlatforms) = preSolution
		Debug|Any CPU = Debug|Any CPU
		Release|Any CPU = Release|Any CPU
	EndGlobalSection
	GlobalSection(ProjectConfigurationPlatforms) = postSolution
		{9837127F-85FB-4677-90D9-28DA69453EE0}.Debug|Any CPU.ActiveCfg = Debug|Any CPU
		{9837127F-85FB-4677-90D9-28DA69453EE0}.Debug|Any CPU.Build.0 = Debug|Any CPU
		{9837127F-85FB-4677-90D9-28DA69453EE0}.Release|Any CPU.ActiveCfg = Release|Any CPU
		{9837127F-85FB-4677-90D9-28DA69453EE0}.Release|Any CPU.Build.0 = Release|Any CPU
	EndGlobalSection
	GlobalSection(SolutionProperties) = preSolution
		HideSolutionNode = FALSE
	EndGlobalSection
	GlobalSection(ExtensibilityGlobals) = postSolution
		SolutionGuid = {D1844A9C-6F37-4B2C-9BF6-0F6E6A4D9C9D}
	EndGlobalSection
EndGlobal
