
Microsoft Visual Studio Solution File, Format Version 12.00
# Visual Studio Version 16
VisualStudioVersion = 16.0.30717.126
MinimumVisualStudioVersion = 10.0.40219.1
Project("{FAE04EC0-301F-11D3-BF4B-00C04F79EFBC}") = "Internal_Matriz_Das_Criminais_Doenças_Mentais", "Internal_Matriz_Das_Criminais_Doenças_Mentais\Internal_Matriz_Das_Criminais_Doenças_Mentais.csproj", "{B1B516D7-CB01-43F4-A427-699967AFE92F}"
EndProject
Global
	GlobalSection(SolutionConfigurationPlatforms) = preSolution
		Debug|Any CPU = Debug|Any CPU
		Release|Any CPU = Release|Any CPU
	EndGlobalSection
	GlobalSection(ProjectConfigurationPlatforms) = postSolution
		{B1B516D7-CB01-43F4-A427-699967AFE92F}.Debug|Any CPU.ActiveCfg = Debug|Any CPU
		{B1B516D7-CB01-43F4-A427-699967AFE92F}.Debug|Any CPU.Build.0 = Debug|Any CPU
		{B1B516D7-CB01-43F4-A427-699967AFE92F}.Release|Any CPU.ActiveCfg = Release|Any CPU
		{B1B516D7-CB01-43F4-A427-699967AFE92F}.Release|Any CPU.Build.0 = Release|Any CPU
	EndGlobalSection
	GlobalSection(SolutionProperties) = preSolution
		HideSolutionNode = FALSE
	EndGlobalSection
	GlobalSection(ExtensibilityGlobals) = postSolution
		SolutionGuid = {D4EEF2FC-BA19-4CBD-875C-281673B22247}
	EndGlobalSection
EndGlobal
