
Microsoft Visual Studio Solution File, Format Version 12.00
# Visual Studio Version 16
VisualStudioVersion = 16.0.30717.126
MinimumVisualStudioVersion = 10.0.40219.1
Project("{FAE04EC0-301F-11D3-BF4B-00C04F79EFBC}") = "Internal_Matriz_Das_Criminais_Palavras", "Internal_Matriz_Das_Criminais_Palavras\Internal_Matriz_Das_Criminais_Palavras.csproj", "{2B98487C-BEDD-4035-A7FA-CC2A06307C48}"
EndProject
Global
	GlobalSection(SolutionConfigurationPlatforms) = preSolution
		Debug|Any CPU = Debug|Any CPU
		Release|Any CPU = Release|Any CPU
	EndGlobalSection
	GlobalSection(ProjectConfigurationPlatforms) = postSolution
		{2B98487C-BEDD-4035-A7FA-CC2A06307C48}.Debug|Any CPU.ActiveCfg = Debug|Any CPU
		{2B98487C-BEDD-4035-A7FA-CC2A06307C48}.Debug|Any CPU.Build.0 = Debug|Any CPU
		{2B98487C-BEDD-4035-A7FA-CC2A06307C48}.Release|Any CPU.ActiveCfg = Release|Any CPU
		{2B98487C-BEDD-4035-A7FA-CC2A06307C48}.Release|Any CPU.Build.0 = Release|Any CPU
	EndGlobalSection
	GlobalSection(SolutionProperties) = preSolution
		HideSolutionNode = FALSE
	EndGlobalSection
	GlobalSection(ExtensibilityGlobals) = postSolution
		SolutionGuid = {E2D42C9B-1DD6-431A-9433-EF486850AFD2}
	EndGlobalSection
EndGlobal
