
Microsoft Visual Studio Solution File, Format Version 12.00
# Visual Studio Version 16
VisualStudioVersion = 16.0.30717.126
MinimumVisualStudioVersion = 10.0.40219.1
Project("{FAE04EC0-301F-11D3-BF4B-00C04F79EFBC}") = "Internal_Matriz_Das_Palavras", "Internal_Matriz_Das_Palavras\Internal_Matriz_Das_Palavras.csproj", "{ABB15F77-08D6-45D4-A2D5-009BC7873C43}"
EndProject
Global
	GlobalSection(SolutionConfigurationPlatforms) = preSolution
		Debug|Any CPU = Debug|Any CPU
		Release|Any CPU = Release|Any CPU
	EndGlobalSection
	GlobalSection(ProjectConfigurationPlatforms) = postSolution
		{ABB15F77-08D6-45D4-A2D5-009BC7873C43}.Debug|Any CPU.ActiveCfg = Debug|Any CPU
		{ABB15F77-08D6-45D4-A2D5-009BC7873C43}.Debug|Any CPU.Build.0 = Debug|Any CPU
		{ABB15F77-08D6-45D4-A2D5-009BC7873C43}.Release|Any CPU.ActiveCfg = Release|Any CPU
		{ABB15F77-08D6-45D4-A2D5-009BC7873C43}.Release|Any CPU.Build.0 = Release|Any CPU
	EndGlobalSection
	GlobalSection(SolutionProperties) = preSolution
		HideSolutionNode = FALSE
	EndGlobalSection
	GlobalSection(ExtensibilityGlobals) = postSolution
		SolutionGuid = {932C2D63-23A1-449C-9DDF-117DD96DD159}
	EndGlobalSection
EndGlobal
