
Microsoft Visual Studio Solution File, Format Version 12.00
# Visual Studio Version 16
VisualStudioVersion = 16.0.30717.126
MinimumVisualStudioVersion = 10.0.40219.1
Project("{FAE04EC0-301F-11D3-BF4B-00C04F79EFBC}") = "Internal_Matriz_Do_Criminoso_Chip 18020012201", "Criminosa_Matriz_Do_Criminoso_Chip 18020012201\Criminosa_Matriz_Do_Criminoso_Chip 18020012201.csproj", "{359D54F3-378F-4A0C-BF4D-14499EC47EC2}"
EndProject
Global
	GlobalSection(SolutionConfigurationPlatforms) = preSolution
		Debug|Any CPU = Debug|Any CPU
		Release|Any CPU = Release|Any CPU
	EndGlobalSection
	GlobalSection(ProjectConfigurationPlatforms) = postSolution
		{359D54F3-378F-4A0C-BF4D-14499EC47EC2}.Debug|Any CPU.ActiveCfg = Debug|Any CPU
		{359D54F3-378F-4A0C-BF4D-14499EC47EC2}.Debug|Any CPU.Build.0 = Debug|Any CPU
		{359D54F3-378F-4A0C-BF4D-14499EC47EC2}.Release|Any CPU.ActiveCfg = Release|Any CPU
		{359D54F3-378F-4A0C-BF4D-14499EC47EC2}.Release|Any CPU.Build.0 = Release|Any CPU
	EndGlobalSection
	GlobalSection(SolutionProperties) = preSolution
		HideSolutionNode = FALSE
	EndGlobalSection
	GlobalSection(ExtensibilityGlobals) = postSolution
		SolutionGuid = {8E21D1FD-BB48-49C7-BA1E-F684D0589099}
	EndGlobalSection
EndGlobal
