
Microsoft Visual Studio Solution File, Format Version 12.00
# Visual Studio Version 16
VisualStudioVersion = 16.0.30717.126
MinimumVisualStudioVersion = 10.0.40219.1
Project("{9A19103F-16F7-4668-BE54-9A1E7A4F7556}") = "Interna_Matriz_Dos_Criminosos_Vestibulares", "Criminosa_Interna_Matriz_Dos_Criminosos_Vestibulares\Interna_Matriz_Dos_Criminosos_Vestibulares.csproj", "{38432EE0-B90D-43CF-900B-CE8BF117CD25}"
EndProject
Global
	GlobalSection(SolutionConfigurationPlatforms) = preSolution
		Debug|Any CPU = Debug|Any CPU
		Release|Any CPU = Release|Any CPU
	EndGlobalSection
	GlobalSection(ProjectConfigurationPlatforms) = postSolution
		{38432EE0-B90D-43CF-900B-CE8BF117CD25}.Debug|Any CPU.ActiveCfg = Debug|Any CPU
		{38432EE0-B90D-43CF-900B-CE8BF117CD25}.Debug|Any CPU.Build.0 = Debug|Any CPU
		{38432EE0-B90D-43CF-900B-CE8BF117CD25}.Release|Any CPU.ActiveCfg = Release|Any CPU
		{38432EE0-B90D-43CF-900B-CE8BF117CD25}.Release|Any CPU.Build.0 = Release|Any CPU
	EndGlobalSection
	GlobalSection(SolutionProperties) = preSolution
		HideSolutionNode = FALSE
	EndGlobalSection
	GlobalSection(ExtensibilityGlobals) = postSolution
		SolutionGuid = {801C8F5E-8881-4446-B5AC-7F4491E60B1B}
	EndGlobalSection
EndGlobal
