
Microsoft Visual Studio Solution File, Format Version 12.00
# Visual Studio Version 16
VisualStudioVersion = 16.0.30717.126
MinimumVisualStudioVersion = 10.0.40219.1
Project("{FAE04EC0-301F-11D3-BF4B-00C04F79EFBC}") = "Internal_Matriz_Da_Criminal_Confraternização", "Internal_Matriz_Da_Criminal_Confraternização\Internal_Matriz_Da_Criminal_Confraternização.csproj", "{F89BFEA7-9945-4F40-A24F-65EFC3AFEE92}"
EndProject
Global
	GlobalSection(SolutionConfigurationPlatforms) = preSolution
		Debug|Any CPU = Debug|Any CPU
		Release|Any CPU = Release|Any CPU
	EndGlobalSection
	GlobalSection(ProjectConfigurationPlatforms) = postSolution
		{F89BFEA7-9945-4F40-A24F-65EFC3AFEE92}.Debug|Any CPU.ActiveCfg = Debug|Any CPU
		{F89BFEA7-9945-4F40-A24F-65EFC3AFEE92}.Debug|Any CPU.Build.0 = Debug|Any CPU
		{F89BFEA7-9945-4F40-A24F-65EFC3AFEE92}.Release|Any CPU.ActiveCfg = Release|Any CPU
		{F89BFEA7-9945-4F40-A24F-65EFC3AFEE92}.Release|Any CPU.Build.0 = Release|Any CPU
	EndGlobalSection
	GlobalSection(SolutionProperties) = preSolution
		HideSolutionNode = FALSE
	EndGlobalSection
	GlobalSection(ExtensibilityGlobals) = postSolution
		SolutionGuid = {49EF8A41-C18D-4EB4-8C53-0037405B22F4}
	EndGlobalSection
EndGlobal
