
Microsoft Visual Studio Solution File, Format Version 12.00
# Visual Studio Version 16
VisualStudioVersion = 16.0.30717.126
MinimumVisualStudioVersion = 10.0.40219.1
Project("{FAE04EC0-301F-11D3-BF4B-00C04F79EFBC}") = "Internal_Matriz_Do_Som", "Matriz_Do_Som\Matriz_Do_Som.csproj", "{BC09EC48-0A8B-4E31-84F0-48CB02000B9A}"
EndProject
Global
	GlobalSection(SolutionConfigurationPlatforms) = preSolution
		Debug|Any CPU = Debug|Any CPU
		Release|Any CPU = Release|Any CPU
	EndGlobalSection
	GlobalSection(ProjectConfigurationPlatforms) = postSolution
		{BC09EC48-0A8B-4E31-84F0-48CB02000B9A}.Debug|Any CPU.ActiveCfg = Debug|Any CPU
		{BC09EC48-0A8B-4E31-84F0-48CB02000B9A}.Debug|Any CPU.Build.0 = Debug|Any CPU
		{BC09EC48-0A8B-4E31-84F0-48CB02000B9A}.Release|Any CPU.ActiveCfg = Release|Any CPU
		{BC09EC48-0A8B-4E31-84F0-48CB02000B9A}.Release|Any CPU.Build.0 = Release|Any CPU
	EndGlobalSection
	GlobalSection(SolutionProperties) = preSolution
		HideSolutionNode = FALSE
	EndGlobalSection
	GlobalSection(ExtensibilityGlobals) = postSolution
		SolutionGuid = {66B6732F-73BB-4ADC-BBCD-E64EA04C5807}
	EndGlobalSection
EndGlobal
