
Microsoft Visual Studio Solution File, Format Version 12.00
# Visual Studio Version 16
VisualStudioVersion = 16.0.30717.126
MinimumVisualStudioVersion = 10.0.40219.1
Project("{FAE04EC0-301F-11D3-BF4B-00C04F79EFBC}") = "Internal_Matriz_Da_Aliança", "Internal_Matriz_Da_Aliança\Internal_Matriz_Da_Aliança.csproj", "{7A0C141E-8760-4E44-BA7A-52EA8CAAD42E}"
EndProject
Global
	GlobalSection(SolutionConfigurationPlatforms) = preSolution
		Debug|Any CPU = Debug|Any CPU
		Release|Any CPU = Release|Any CPU
	EndGlobalSection
	GlobalSection(ProjectConfigurationPlatforms) = postSolution
		{7A0C141E-8760-4E44-BA7A-52EA8CAAD42E}.Debug|Any CPU.ActiveCfg = Debug|Any CPU
		{7A0C141E-8760-4E44-BA7A-52EA8CAAD42E}.Debug|Any CPU.Build.0 = Debug|Any CPU
		{7A0C141E-8760-4E44-BA7A-52EA8CAAD42E}.Release|Any CPU.ActiveCfg = Release|Any CPU
		{7A0C141E-8760-4E44-BA7A-52EA8CAAD42E}.Release|Any CPU.Build.0 = Release|Any CPU
	EndGlobalSection
	GlobalSection(SolutionProperties) = preSolution
		HideSolutionNode = FALSE
	EndGlobalSection
	GlobalSection(ExtensibilityGlobals) = postSolution
		SolutionGuid = {0DE5B581-C1B5-4CBF-A00E-3FD07473AA0A}
	EndGlobalSection
EndGlobal
