
Microsoft Visual Studio Solution File, Format Version 12.00
# Visual Studio Version 16
VisualStudioVersion = 16.0.30717.126
MinimumVisualStudioVersion = 10.0.40219.1
Project("{FAE04EC0-301F-11D3-BF4B-00C04F79EFBC}") = "Internal_Matriz_Do_Criminoso_Sentir", "Internal_Matriz_Do_Criminoso_Sentir\Internal_Matriz_Do_Criminoso_Sentir.csproj", "{FAF94FD0-E589-4ECC-A2B5-A77907770F3D}"
EndProject
Global
	GlobalSection(SolutionConfigurationPlatforms) = preSolution
		Debug|Any CPU = Debug|Any CPU
		Release|Any CPU = Release|Any CPU
	EndGlobalSection
	GlobalSection(ProjectConfigurationPlatforms) = postSolution
		{FAF94FD0-E589-4ECC-A2B5-A77907770F3D}.Debug|Any CPU.ActiveCfg = Debug|Any CPU
		{FAF94FD0-E589-4ECC-A2B5-A77907770F3D}.Debug|Any CPU.Build.0 = Debug|Any CPU
		{FAF94FD0-E589-4ECC-A2B5-A77907770F3D}.Release|Any CPU.ActiveCfg = Release|Any CPU
		{FAF94FD0-E589-4ECC-A2B5-A77907770F3D}.Release|Any CPU.Build.0 = Release|Any CPU
	EndGlobalSection
	GlobalSection(SolutionProperties) = preSolution
		HideSolutionNode = FALSE
	EndGlobalSection
	GlobalSection(ExtensibilityGlobals) = postSolution
		SolutionGuid = {16F121A9-96C4-4B2C-8156-8AB50319327D}
	EndGlobalSection
EndGlobal
