
Microsoft Visual Studio Solution File, Format Version 12.00
# Visual Studio Version 16
VisualStudioVersion = 16.0.30717.126
MinimumVisualStudioVersion = 10.0.40219.1
Project("{9A19103F-16F7-4668-BE54-9A1E7A4F7556}") = "Internal_Matriz_Do_Criminal_Karma", "Internal_Matriz_Do_Karma\Internal_Matriz_Do_Criminal_Karma.csproj", "{832E3305-51EB-4015-9374-90EE5F85067C}"
EndProject
Global
	GlobalSection(SolutionConfigurationPlatforms) = preSolution
		Debug|Any CPU = Debug|Any CPU
		Release|Any CPU = Release|Any CPU
	EndGlobalSection
	GlobalSection(ProjectConfigurationPlatforms) = postSolution
		{832E3305-51EB-4015-9374-90EE5F85067C}.Debug|Any CPU.ActiveCfg = Debug|Any CPU
		{832E3305-51EB-4015-9374-90EE5F85067C}.Debug|Any CPU.Build.0 = Debug|Any CPU
		{832E3305-51EB-4015-9374-90EE5F85067C}.Release|Any CPU.ActiveCfg = Release|Any CPU
		{832E3305-51EB-4015-9374-90EE5F85067C}.Release|Any CPU.Build.0 = Release|Any CPU
	EndGlobalSection
	GlobalSection(SolutionProperties) = preSolution
		HideSolutionNode = FALSE
	EndGlobalSection
	GlobalSection(ExtensibilityGlobals) = postSolution
		SolutionGuid = {0EC94791-6E63-4AC2-AC63-00CA891E457F}
	EndGlobalSection
EndGlobal
