
Microsoft Visual Studio Solution File, Format Version 12.00
# Visual Studio Version 16
VisualStudioVersion = 16.0.30717.126
MinimumVisualStudioVersion = 10.0.40219.1
Project("{FAE04EC0-301F-11D3-BF4B-00C04F79EFBC}") = "Internal_Matriz_Da_Criminal_Imunologia", "Internal_Matriz_Da_Criminal_Imunologia\Internal_Matriz_Da_Criminal_Imunologia.csproj", "{C44F1659-5244-4856-B423-6E61A39E93FD}"
EndProject
Global
	GlobalSection(SolutionConfigurationPlatforms) = preSolution
		Debug|Any CPU = Debug|Any CPU
		Release|Any CPU = Release|Any CPU
	EndGlobalSection
	GlobalSection(ProjectConfigurationPlatforms) = postSolution
		{C44F1659-5244-4856-B423-6E61A39E93FD}.Debug|Any CPU.ActiveCfg = Debug|Any CPU
		{C44F1659-5244-4856-B423-6E61A39E93FD}.Debug|Any CPU.Build.0 = Debug|Any CPU
		{C44F1659-5244-4856-B423-6E61A39E93FD}.Release|Any CPU.ActiveCfg = Release|Any CPU
		{C44F1659-5244-4856-B423-6E61A39E93FD}.Release|Any CPU.Build.0 = Release|Any CPU
	EndGlobalSection
	GlobalSection(SolutionProperties) = preSolution
		HideSolutionNode = FALSE
	EndGlobalSection
	GlobalSection(ExtensibilityGlobals) = postSolution
		SolutionGuid = {009F5ACB-E519-42C5-91F8-93225A01F71D}
	EndGlobalSection
EndGlobal
