
Microsoft Visual Studio Solution File, Format Version 12.00
# Visual Studio Version 16
VisualStudioVersion = 16.0.30717.126
MinimumVisualStudioVersion = 10.0.40219.1
Project("{FAE04EC0-301F-11D3-BF4B-00C04F79EFBC}") = "Internal_Matriz_Do_Criminal_Pronunciamento", "Internal_Matriz_Do_Criminal_Pronunciamento\Internal_Matriz_Do_Criminal_Pronunciamento.csproj", "{CA96A004-81C3-45A1-84F0-04457B050321}"
EndProject
Global
	GlobalSection(SolutionConfigurationPlatforms) = preSolution
		Debug|Any CPU = Debug|Any CPU
		Release|Any CPU = Release|Any CPU
	EndGlobalSection
	GlobalSection(ProjectConfigurationPlatforms) = postSolution
		{CA96A004-81C3-45A1-84F0-04457B050321}.Debug|Any CPU.ActiveCfg = Debug|Any CPU
		{CA96A004-81C3-45A1-84F0-04457B050321}.Debug|Any CPU.Build.0 = Debug|Any CPU
		{CA96A004-81C3-45A1-84F0-04457B050321}.Release|Any CPU.ActiveCfg = Release|Any CPU
		{CA96A004-81C3-45A1-84F0-04457B050321}.Release|Any CPU.Build.0 = Release|Any CPU
	EndGlobalSection
	GlobalSection(SolutionProperties) = preSolution
		HideSolutionNode = FALSE
	EndGlobalSection
	GlobalSection(ExtensibilityGlobals) = postSolution
		SolutionGuid = {F9871FF9-EAF3-4230-9B77-CFFC18AC97D2}
	EndGlobalSection
EndGlobal
