
Microsoft Visual Studio Solution File, Format Version 12.00
# Visual Studio Version 16
VisualStudioVersion = 16.0.30717.126
MinimumVisualStudioVersion = 10.0.40219.1
Project("{FAE04EC0-301F-11D3-BF4B-00C04F79EFBC}") = "Interna_Matriz_Do_Lag", "Interna_Matriz_Do_Lag\Interna_Matriz_Do_Lag.csproj", "{507F9454-F2FE-4253-84B3-24C69D79CE6B}"
EndProject
Global
	GlobalSection(SolutionConfigurationPlatforms) = preSolution
		Debug|Any CPU = Debug|Any CPU
		Release|Any CPU = Release|Any CPU
	EndGlobalSection
	GlobalSection(ProjectConfigurationPlatforms) = postSolution
		{507F9454-F2FE-4253-84B3-24C69D79CE6B}.Debug|Any CPU.ActiveCfg = Debug|Any CPU
		{507F9454-F2FE-4253-84B3-24C69D79CE6B}.Debug|Any CPU.Build.0 = Debug|Any CPU
		{507F9454-F2FE-4253-84B3-24C69D79CE6B}.Release|Any CPU.ActiveCfg = Release|Any CPU
		{507F9454-F2FE-4253-84B3-24C69D79CE6B}.Release|Any CPU.Build.0 = Release|Any CPU
	EndGlobalSection
	GlobalSection(SolutionProperties) = preSolution
		HideSolutionNode = FALSE
	EndGlobalSection
	GlobalSection(ExtensibilityGlobals) = postSolution
		SolutionGuid = {A145D468-C014-466D-B559-24364992A52F}
	EndGlobalSection
EndGlobal
