
Microsoft Visual Studio Solution File, Format Version 12.00
# Visual Studio Version 16
VisualStudioVersion = 16.0.30717.126
MinimumVisualStudioVersion = 10.0.40219.1
Project("{FAE04EC0-301F-11D3-BF4B-00C04F79EFBC}") = "Internal_Matriz_Do_Criminal_Roubo", "Internal_Matriz_Do_Criminal_Roubo\Internal_Matriz_Do_Criminal_Roubo.csproj", "{21EE237D-B128-4A06-B05F-837BF7A29D05}"
EndProject
Global
	GlobalSection(SolutionConfigurationPlatforms) = preSolution
		Debug|Any CPU = Debug|Any CPU
		Release|Any CPU = Release|Any CPU
	EndGlobalSection
	GlobalSection(ProjectConfigurationPlatforms) = postSolution
		{21EE237D-B128-4A06-B05F-837BF7A29D05}.Debug|Any CPU.ActiveCfg = Debug|Any CPU
		{21EE237D-B128-4A06-B05F-837BF7A29D05}.Debug|Any CPU.Build.0 = Debug|Any CPU
		{21EE237D-B128-4A06-B05F-837BF7A29D05}.Release|Any CPU.ActiveCfg = Release|Any CPU
		{21EE237D-B128-4A06-B05F-837BF7A29D05}.Release|Any CPU.Build.0 = Release|Any CPU
	EndGlobalSection
	GlobalSection(SolutionProperties) = preSolution
		HideSolutionNode = FALSE
	EndGlobalSection
	GlobalSection(ExtensibilityGlobals) = postSolution
		SolutionGuid = {74AFBA51-C9F0-4934-BC03-25FA70B071DD}
	EndGlobalSection
EndGlobal
