
Microsoft Visual Studio Solution File, Format Version 12.00
# Visual Studio Version 16
VisualStudioVersion = 16.0.30717.126
MinimumVisualStudioVersion = 10.0.40219.1
Project("{FAE04EC0-301F-11D3-BF4B-00C04F79EFBC}") = "Internal_Matriz_Do_Criminal_Servidor", "Internal_Matriz_Do_Criminal_Servidor\Internal_Matriz_Do_Criminal_Servidor.csproj", "{72F7CF02-6670-41A9-B26E-D8A405674089}"
EndProject
Global
	GlobalSection(SolutionConfigurationPlatforms) = preSolution
		Debug|Any CPU = Debug|Any CPU
		Release|Any CPU = Release|Any CPU
	EndGlobalSection
	GlobalSection(ProjectConfigurationPlatforms) = postSolution
		{72F7CF02-6670-41A9-B26E-D8A405674089}.Debug|Any CPU.ActiveCfg = Debug|Any CPU
		{72F7CF02-6670-41A9-B26E-D8A405674089}.Debug|Any CPU.Build.0 = Debug|Any CPU
		{72F7CF02-6670-41A9-B26E-D8A405674089}.Release|Any CPU.ActiveCfg = Release|Any CPU
		{72F7CF02-6670-41A9-B26E-D8A405674089}.Release|Any CPU.Build.0 = Release|Any CPU
	EndGlobalSection
	GlobalSection(SolutionProperties) = preSolution
		HideSolutionNode = FALSE
	EndGlobalSection
	GlobalSection(ExtensibilityGlobals) = postSolution
		SolutionGuid = {CF9CE92E-8CFF-4926-ACFF-80F7D57C2848}
	EndGlobalSection
EndGlobal
