
Microsoft Visual Studio Solution File, Format Version 12.00
# Visual Studio Version 16
VisualStudioVersion = 16.0.30717.126
MinimumVisualStudioVersion = 10.0.40219.1
Project("{FAE04EC0-301F-11D3-BF4B-00C04F79EFBC}") = "Internal_Matriz_Da_Criminal_Rua", "Internal_Matriz_Da_Criminal_Rua\Internal_Matriz_Da_Criminal_Rua.csproj", "{B7699627-EADA-4129-B7C3-BDA935D25FF3}"
EndProject
Global
	GlobalSection(SolutionConfigurationPlatforms) = preSolution
		Debug|Any CPU = Debug|Any CPU
		Release|Any CPU = Release|Any CPU
	EndGlobalSection
	GlobalSection(ProjectConfigurationPlatforms) = postSolution
		{B7699627-EADA-4129-B7C3-BDA935D25FF3}.Debug|Any CPU.ActiveCfg = Debug|Any CPU
		{B7699627-EADA-4129-B7C3-BDA935D25FF3}.Debug|Any CPU.Build.0 = Debug|Any CPU
		{B7699627-EADA-4129-B7C3-BDA935D25FF3}.Release|Any CPU.ActiveCfg = Release|Any CPU
		{B7699627-EADA-4129-B7C3-BDA935D25FF3}.Release|Any CPU.Build.0 = Release|Any CPU
	EndGlobalSection
	GlobalSection(SolutionProperties) = preSolution
		HideSolutionNode = FALSE
	EndGlobalSection
	GlobalSection(ExtensibilityGlobals) = postSolution
		SolutionGuid = {4A1ECE9D-B7F4-49FE-BE5E-AC2930262CE4}
	EndGlobalSection
EndGlobal
