
Microsoft Visual Studio Solution File, Format Version 12.00
# Visual Studio Version 16
VisualStudioVersion = 16.0.30717.126
MinimumVisualStudioVersion = 10.0.40219.1
Project("{FAE04EC0-301F-11D3-BF4B-00C04F79EFBC}") = "Internal_Matriz_Dos_Criminais_Números", "Internal_Matriz_Dos_Criminais_Números\Internal_Matriz_Dos_Criminais_Números.csproj", "{5496E6B2-3B66-4E34-93B5-83B1BA8ABCCE}"
EndProject
Global
	GlobalSection(SolutionConfigurationPlatforms) = preSolution
		Debug|Any CPU = Debug|Any CPU
		Release|Any CPU = Release|Any CPU
	EndGlobalSection
	GlobalSection(ProjectConfigurationPlatforms) = postSolution
		{5496E6B2-3B66-4E34-93B5-83B1BA8ABCCE}.Debug|Any CPU.ActiveCfg = Debug|Any CPU
		{5496E6B2-3B66-4E34-93B5-83B1BA8ABCCE}.Debug|Any CPU.Build.0 = Debug|Any CPU
		{5496E6B2-3B66-4E34-93B5-83B1BA8ABCCE}.Release|Any CPU.ActiveCfg = Release|Any CPU
		{5496E6B2-3B66-4E34-93B5-83B1BA8ABCCE}.Release|Any CPU.Build.0 = Release|Any CPU
	EndGlobalSection
	GlobalSection(SolutionProperties) = preSolution
		HideSolutionNode = FALSE
	EndGlobalSection
	GlobalSection(ExtensibilityGlobals) = postSolution
		SolutionGuid = {148C8809-57A5-4FF5-B68E-A27262CBC51F}
	EndGlobalSection
EndGlobal
