
Microsoft Visual Studio Solution File, Format Version 12.00
# Visual Studio Version 16
VisualStudioVersion = 16.0.30717.126
MinimumVisualStudioVersion = 10.0.40219.1
Project("{FAE04EC0-301F-11D3-BF4B-00C04F79EFBC}") = "Internal_Matriz_Dos_Criminosos_Números", "Internal_Matriz_Dos_Criminosos_Números\Internal_Matriz_Dos_Criminosos_Números.csproj", "{9A637BD3-07DB-4A33-880B-E591D2DB563B}"
EndProject
Global
	GlobalSection(SolutionConfigurationPlatforms) = preSolution
		Debug|Any CPU = Debug|Any CPU
		Release|Any CPU = Release|Any CPU
	EndGlobalSection
	GlobalSection(ProjectConfigurationPlatforms) = postSolution
		{9A637BD3-07DB-4A33-880B-E591D2DB563B}.Debug|Any CPU.ActiveCfg = Debug|Any CPU
		{9A637BD3-07DB-4A33-880B-E591D2DB563B}.Debug|Any CPU.Build.0 = Debug|Any CPU
		{9A637BD3-07DB-4A33-880B-E591D2DB563B}.Release|Any CPU.ActiveCfg = Release|Any CPU
		{9A637BD3-07DB-4A33-880B-E591D2DB563B}.Release|Any CPU.Build.0 = Release|Any CPU
	EndGlobalSection
	GlobalSection(SolutionProperties) = preSolution
		HideSolutionNode = FALSE
	EndGlobalSection
	GlobalSection(ExtensibilityGlobals) = postSolution
		SolutionGuid = {9FF4B6B0-F8E9-4955-81ED-42D01A10C526}
	EndGlobalSection
EndGlobal
