
Microsoft Visual Studio Solution File, Format Version 12.00
# Visual Studio Version 16
VisualStudioVersion = 16.0.30717.126
MinimumVisualStudioVersion = 10.0.40219.1
Project("{FAE04EC0-301F-11D3-BF4B-00C04F79EFBC}") = "Internal_Matriz_Da_Criminosa_Intensa_Compatibilidade", "Internal_Matriz_Da_Intensa_Compatibilidade\Internal_Matriz_Da_Criminosa_Intensa_Compatibilidade.csproj", "{63DE50DA-08DF-417E-B793-222F21A7CF93}"
EndProject
Global
	GlobalSection(SolutionConfigurationPlatforms) = preSolution
		Debug|Any CPU = Debug|Any CPU
		Release|Any CPU = Release|Any CPU
	EndGlobalSection
	GlobalSection(ProjectConfigurationPlatforms) = postSolution
		{63DE50DA-08DF-417E-B793-222F21A7CF93}.Debug|Any CPU.ActiveCfg = Debug|Any CPU
		{63DE50DA-08DF-417E-B793-222F21A7CF93}.Debug|Any CPU.Build.0 = Debug|Any CPU
		{63DE50DA-08DF-417E-B793-222F21A7CF93}.Release|Any CPU.ActiveCfg = Release|Any CPU
		{63DE50DA-08DF-417E-B793-222F21A7CF93}.Release|Any CPU.Build.0 = Release|Any CPU
	EndGlobalSection
	GlobalSection(SolutionProperties) = preSolution
		HideSolutionNode = FALSE
	EndGlobalSection
	GlobalSection(ExtensibilityGlobals) = postSolution
		SolutionGuid = {09CD6502-2F3B-44A7-92D7-1899CE9DB4DE}
	EndGlobalSection
EndGlobal
