
Microsoft Visual Studio Solution File, Format Version 12.00
# Visual Studio Version 16
VisualStudioVersion = 16.0.30717.126
MinimumVisualStudioVersion = 10.0.40219.1
Project("{FAE04EC0-301F-11D3-BF4B-00C04F79EFBC}") = "Internal_Matriz_Do_777", "Internal_Matriz_Do_777\Internal_Matriz_Do_777.csproj", "{1B267724-65DD-46E4-A4F4-FB5D54BE969C}"
EndProject
Global
	GlobalSection(SolutionConfigurationPlatforms) = preSolution
		Debug|Any CPU = Debug|Any CPU
		Release|Any CPU = Release|Any CPU
	EndGlobalSection
	GlobalSection(ProjectConfigurationPlatforms) = postSolution
		{1B267724-65DD-46E4-A4F4-FB5D54BE969C}.Debug|Any CPU.ActiveCfg = Debug|Any CPU
		{1B267724-65DD-46E4-A4F4-FB5D54BE969C}.Debug|Any CPU.Build.0 = Debug|Any CPU
		{1B267724-65DD-46E4-A4F4-FB5D54BE969C}.Release|Any CPU.ActiveCfg = Release|Any CPU
		{1B267724-65DD-46E4-A4F4-FB5D54BE969C}.Release|Any CPU.Build.0 = Release|Any CPU
	EndGlobalSection
	GlobalSection(SolutionProperties) = preSolution
		HideSolutionNode = FALSE
	EndGlobalSection
	GlobalSection(ExtensibilityGlobals) = postSolution
		SolutionGuid = {00F89449-2963-48BE-8F24-DD1F9308AC56}
	EndGlobalSection
EndGlobal
