
Microsoft Visual Studio Solution File, Format Version 12.00
# Visual Studio Version 16
VisualStudioVersion = 16.0.30717.126
MinimumVisualStudioVersion = 10.0.40219.1
Project("{FAE04EC0-301F-11D3-BF4B-00C04F79EFBC}") = "Internal_Matriz_A5_B5", "Internal_Matriz_Da_Internet\Internal_Matriz_A5_B5.csproj", "{3CDAC3C1-EF00-40EA-94CC-B17D2FB27FA4}"
EndProject
Global
	GlobalSection(SolutionConfigurationPlatforms) = preSolution
		Debug|Any CPU = Debug|Any CPU
		Release|Any CPU = Release|Any CPU
	EndGlobalSection
	GlobalSection(ProjectConfigurationPlatforms) = postSolution
		{3CDAC3C1-EF00-40EA-94CC-B17D2FB27FA4}.Debug|Any CPU.ActiveCfg = Debug|Any CPU
		{3CDAC3C1-EF00-40EA-94CC-B17D2FB27FA4}.Debug|Any CPU.Build.0 = Debug|Any CPU
		{3CDAC3C1-EF00-40EA-94CC-B17D2FB27FA4}.Release|Any CPU.ActiveCfg = Release|Any CPU
		{3CDAC3C1-EF00-40EA-94CC-B17D2FB27FA4}.Release|Any CPU.Build.0 = Release|Any CPU
	EndGlobalSection
	GlobalSection(SolutionProperties) = preSolution
		HideSolutionNode = FALSE
	EndGlobalSection
	GlobalSection(ExtensibilityGlobals) = postSolution
		SolutionGuid = {39313CF4-AEC9-4B95-8659-8F3751C54939}
	EndGlobalSection
EndGlobal
