
Microsoft Visual Studio Solution File, Format Version 12.00
# Visual Studio Version 16
VisualStudioVersion = 16.0.30717.126
MinimumVisualStudioVersion = 10.0.40219.1
Project("{FAE04EC0-301F-11D3-BF4B-00C04F79EFBC}") = "Internal_Matriz_Do_Criminal_Rinnegan", "Internal_Matriz_Do_Criminal_Rinnegan\Internal_Matriz_Do_Criminal_Rinnegan.csproj", "{18EA3D98-B745-485E-96AD-4E9438866C66}"
EndProject
Global
	GlobalSection(SolutionConfigurationPlatforms) = preSolution
		Debug|Any CPU = Debug|Any CPU
		Release|Any CPU = Release|Any CPU
	EndGlobalSection
	GlobalSection(ProjectConfigurationPlatforms) = postSolution
		{18EA3D98-B745-485E-96AD-4E9438866C66}.Debug|Any CPU.ActiveCfg = Debug|Any CPU
		{18EA3D98-B745-485E-96AD-4E9438866C66}.Debug|Any CPU.Build.0 = Debug|Any CPU
		{18EA3D98-B745-485E-96AD-4E9438866C66}.Release|Any CPU.ActiveCfg = Release|Any CPU
		{18EA3D98-B745-485E-96AD-4E9438866C66}.Release|Any CPU.Build.0 = Release|Any CPU
	EndGlobalSection
	GlobalSection(SolutionProperties) = preSolution
		HideSolutionNode = FALSE
	EndGlobalSection
	GlobalSection(ExtensibilityGlobals) = postSolution
		SolutionGuid = {EF776432-295D-46F0-A022-6647E7A86A34}
	EndGlobalSection
EndGlobal
