
Microsoft Visual Studio Solution File, Format Version 12.00
# Visual Studio Version 16
VisualStudioVersion = 16.0.30717.126
MinimumVisualStudioVersion = 10.0.40219.1
Project("{FAE04EC0-301F-11D3-BF4B-00C04F79EFBC}") = "Pintura", "Pintura\Pintura.csproj", "{DF6D732B-F9A1-4810-A134-6DDFC346BF72}"
EndProject
Global
	GlobalSection(SolutionConfigurationPlatforms) = preSolution
		Debug|Any CPU = Debug|Any CPU
		Release|Any CPU = Release|Any CPU
	EndGlobalSection
	GlobalSection(ProjectConfigurationPlatforms) = postSolution
		{DF6D732B-F9A1-4810-A134-6DDFC346BF72}.Debug|Any CPU.ActiveCfg = Debug|Any CPU
		{DF6D732B-F9A1-4810-A134-6DDFC346BF72}.Debug|Any CPU.Build.0 = Debug|Any CPU
		{DF6D732B-F9A1-4810-A134-6DDFC346BF72}.Release|Any CPU.ActiveCfg = Release|Any CPU
		{DF6D732B-F9A1-4810-A134-6DDFC346BF72}.Release|Any CPU.Build.0 = Release|Any CPU
	EndGlobalSection
	GlobalSection(SolutionProperties) = preSolution
		HideSolutionNode = FALSE
	EndGlobalSection
	GlobalSection(ExtensibilityGlobals) = postSolution
		SolutionGuid = {64018F03-88B3-471F-B3CF-529CA3A6873F}
	EndGlobalSection
EndGlobal
