
Microsoft Visual Studio Solution File, Format Version 12.00
# Visual Studio Version 16
VisualStudioVersion = 16.0.30717.126
MinimumVisualStudioVersion = 10.0.40219.1
Project("{FAE04EC0-301F-11D3-BF4B-00C04F79EFBC}") = "Raio", "Raio\Raio.csproj", "{D14E8F38-8725-40DE-89E9-304E7110EA8D}"
EndProject
Global
	GlobalSection(SolutionConfigurationPlatforms) = preSolution
		Debug|Any CPU = Debug|Any CPU
		Release|Any CPU = Release|Any CPU
	EndGlobalSection
	GlobalSection(ProjectConfigurationPlatforms) = postSolution
		{D14E8F38-8725-40DE-89E9-304E7110EA8D}.Debug|Any CPU.ActiveCfg = Debug|Any CPU
		{D14E8F38-8725-40DE-89E9-304E7110EA8D}.Debug|Any CPU.Build.0 = Debug|Any CPU
		{D14E8F38-8725-40DE-89E9-304E7110EA8D}.Release|Any CPU.ActiveCfg = Release|Any CPU
		{D14E8F38-8725-40DE-89E9-304E7110EA8D}.Release|Any CPU.Build.0 = Release|Any CPU
	EndGlobalSection
	GlobalSection(SolutionProperties) = preSolution
		HideSolutionNode = FALSE
	EndGlobalSection
	GlobalSection(ExtensibilityGlobals) = postSolution
		SolutionGuid = {C43C38C2-9EF7-4034-BBCC-7C5F1557BC52}
	EndGlobalSection
EndGlobal
