
Microsoft Visual Studio Solution File, Format Version 12.00
# Visual Studio Version 16
VisualStudioVersion = 16.0.30717.126
MinimumVisualStudioVersion = 10.0.40219.1
Project("{FAE04EC0-301F-11D3-BF4B-00C04F79EFBC}") = "Wi-Fi_Internal_Matriz_Do_Nanotecnologia", "Wi-Fi_Internal_Matriz_Do_Iphone\Wi-Fi_Internal_Matriz_Do_Nanotecnologia.csproj", "{A43F3857-C9CA-4D62-AF59-6116AC161628}"
EndProject
Global
	GlobalSection(SolutionConfigurationPlatforms) = preSolution
		Debug|Any CPU = Debug|Any CPU
		Release|Any CPU = Release|Any CPU
	EndGlobalSection
	GlobalSection(ProjectConfigurationPlatforms) = postSolution
		{A43F3857-C9CA-4D62-AF59-6116AC161628}.Debug|Any CPU.ActiveCfg = Debug|Any CPU
		{A43F3857-C9CA-4D62-AF59-6116AC161628}.Debug|Any CPU.Build.0 = Debug|Any CPU
		{A43F3857-C9CA-4D62-AF59-6116AC161628}.Release|Any CPU.ActiveCfg = Release|Any CPU
		{A43F3857-C9CA-4D62-AF59-6116AC161628}.Release|Any CPU.Build.0 = Release|Any CPU
	EndGlobalSection
	GlobalSection(SolutionProperties) = preSolution
		HideSolutionNode = FALSE
	EndGlobalSection
	GlobalSection(ExtensibilityGlobals) = postSolution
		SolutionGuid = {A912092B-24F2-47DE-8157-BC7DC37841DB}
	EndGlobalSection
EndGlobal
