
Microsoft Visual Studio Solution File, Format Version 12.00
# Visual Studio Version 16
VisualStudioVersion = 16.0.30717.126
MinimumVisualStudioVersion = 10.0.40219.1
Project("{FAE04EC0-301F-11D3-BF4B-00C04F79EFBC}") = "Wi-fi_Internal_Matriz_Do_A2_B2", "Matriz_Do_A2_B2\Wi-fi_Internal_Matriz_Do_A2_B2.csproj", "{33300198-3523-4BEE-B052-031517FA3B63}"
EndProject
Global
	GlobalSection(SolutionConfigurationPlatforms) = preSolution
		Debug|Any CPU = Debug|Any CPU
		Release|Any CPU = Release|Any CPU
	EndGlobalSection
	GlobalSection(ProjectConfigurationPlatforms) = postSolution
		{33300198-3523-4BEE-B052-031517FA3B63}.Debug|Any CPU.ActiveCfg = Debug|Any CPU
		{33300198-3523-4BEE-B052-031517FA3B63}.Debug|Any CPU.Build.0 = Debug|Any CPU
		{33300198-3523-4BEE-B052-031517FA3B63}.Release|Any CPU.ActiveCfg = Release|Any CPU
		{33300198-3523-4BEE-B052-031517FA3B63}.Release|Any CPU.Build.0 = Release|Any CPU
	EndGlobalSection
	GlobalSection(SolutionProperties) = preSolution
		HideSolutionNode = FALSE
	EndGlobalSection
	GlobalSection(ExtensibilityGlobals) = postSolution
		SolutionGuid = {F7F1F71F-59E9-445D-ACFA-6264FAE38B19}
	EndGlobalSection
EndGlobal
