
Microsoft Visual Studio Solution File, Format Version 12.00
# Visual Studio Version 16
VisualStudioVersion = 16.0.30717.126
MinimumVisualStudioVersion = 10.0.40219.1
Project("{FAE04EC0-301F-11D3-BF4B-00C04F79EFBC}") = "Wi-Fi_Internal_Matriz_Do_Pc_Warfare", "Interna_Matriz_Do_Pc_Warfare\Wi-Fi Internal_Matriz_Do_Pc_Warfare.csproj", "{557DA46C-EA1C-46CC-8715-E7D85BF09107}"
EndProject
Global
	GlobalSection(SolutionConfigurationPlatforms) = preSolution
		Debug|Any CPU = Debug|Any CPU
		Release|Any CPU = Release|Any CPU
	EndGlobalSection
	GlobalSection(ProjectConfigurationPlatforms) = postSolution
		{557DA46C-EA1C-46CC-8715-E7D85BF09107}.Debug|Any CPU.ActiveCfg = Debug|Any CPU
		{557DA46C-EA1C-46CC-8715-E7D85BF09107}.Debug|Any CPU.Build.0 = Debug|Any CPU
		{557DA46C-EA1C-46CC-8715-E7D85BF09107}.Release|Any CPU.ActiveCfg = Release|Any CPU
		{557DA46C-EA1C-46CC-8715-E7D85BF09107}.Release|Any CPU.Build.0 = Release|Any CPU
	EndGlobalSection
	GlobalSection(SolutionProperties) = preSolution
		HideSolutionNode = FALSE
	EndGlobalSection
	GlobalSection(ExtensibilityGlobals) = postSolution
		SolutionGuid = {CD7E379C-3D60-489D-8A7E-D43EC1FD797D}
	EndGlobalSection
EndGlobal
