
Microsoft Visual Studio Solution File, Format Version 12.00
# Visual Studio Version 16
VisualStudioVersion = 16.0.30717.126
MinimumVisualStudioVersion = 10.0.40219.1
Project("{FAE04EC0-301F-11D3-BF4B-00C04F79EFBC}") = "Wi-Fi_Internal_Matriz_Da_Música", "Wi-Fi_Internal_Matriz_Da_Música\Wi-Fi_Internal_Matriz_Da_Música.csproj", "{4028106D-63E5-48D3-8F6A-6A4C2C9C5005}"
EndProject
Global
	GlobalSection(SolutionConfigurationPlatforms) = preSolution
		Debug|Any CPU = Debug|Any CPU
		Release|Any CPU = Release|Any CPU
	EndGlobalSection
	GlobalSection(ProjectConfigurationPlatforms) = postSolution
		{4028106D-63E5-48D3-8F6A-6A4C2C9C5005}.Debug|Any CPU.ActiveCfg = Debug|Any CPU
		{4028106D-63E5-48D3-8F6A-6A4C2C9C5005}.Debug|Any CPU.Build.0 = Debug|Any CPU
		{4028106D-63E5-48D3-8F6A-6A4C2C9C5005}.Release|Any CPU.ActiveCfg = Release|Any CPU
		{4028106D-63E5-48D3-8F6A-6A4C2C9C5005}.Release|Any CPU.Build.0 = Release|Any CPU
	EndGlobalSection
	GlobalSection(SolutionProperties) = preSolution
		HideSolutionNode = FALSE
	EndGlobalSection
	GlobalSection(ExtensibilityGlobals) = postSolution
		SolutionGuid = {1A88F42A-6AE2-41AD-81C1-B7AA807B0E0A}
	EndGlobalSection
EndGlobal
