
Microsoft Visual Studio Solution File, Format Version 12.00
# Visual Studio Version 16
VisualStudioVersion = 16.0.30717.126
MinimumVisualStudioVersion = 10.0.40219.1
Project("{FAE04EC0-301F-11D3-BF4B-00C04F79EFBC}") = "Wi_Fi_Internal_Matriz_Do_Neuro_Emotivo", "Wi_Fi_Internal_Matriz_Do_Neuro_Emotivo\Wi_Fi_Internal_Matriz_Do_Neuro_Emotivo.csproj", "{27004841-F2E6-41C1-8987-B70D8709E282}"
EndProject
Global
	GlobalSection(SolutionConfigurationPlatforms) = preSolution
		Debug|Any CPU = Debug|Any CPU
		Release|Any CPU = Release|Any CPU
	EndGlobalSection
	GlobalSection(ProjectConfigurationPlatforms) = postSolution
		{27004841-F2E6-41C1-8987-B70D8709E282}.Debug|Any CPU.ActiveCfg = Debug|Any CPU
		{27004841-F2E6-41C1-8987-B70D8709E282}.Debug|Any CPU.Build.0 = Debug|Any CPU
		{27004841-F2E6-41C1-8987-B70D8709E282}.Release|Any CPU.ActiveCfg = Release|Any CPU
		{27004841-F2E6-41C1-8987-B70D8709E282}.Release|Any CPU.Build.0 = Release|Any CPU
	EndGlobalSection
	GlobalSection(SolutionProperties) = preSolution
		HideSolutionNode = FALSE
	EndGlobalSection
	GlobalSection(ExtensibilityGlobals) = postSolution
		SolutionGuid = {CF43A06D-7572-4CA8-89B7-17EB5FD655E3}
	EndGlobalSection
EndGlobal
