
Microsoft Visual Studio Solution File, Format Version 12.00
# Visual Studio Version 16
VisualStudioVersion = 16.0.30717.126
MinimumVisualStudioVersion = 10.0.40219.1
Project("{FAE04EC0-301F-11D3-BF4B-00C04F79EFBC}") = "Wi_Fi_Internal_Matriz_Do_Criminal_Banco_De_Dados", "Wi_Fi_Internal_Matriz_Do_Criminal_Banco_De_Dados\Wi_Fi_Internal_Matriz_Do_Criminal_Banco_De_Dados.csproj", "{670CFCA1-3E4C-4184-BA3E-FC949201EB94}"
EndProject
Global
	GlobalSection(SolutionConfigurationPlatforms) = preSolution
		Debug|Any CPU = Debug|Any CPU
		Release|Any CPU = Release|Any CPU
	EndGlobalSection
	GlobalSection(ProjectConfigurationPlatforms) = postSolution
		{670CFCA1-3E4C-4184-BA3E-FC949201EB94}.Debug|Any CPU.ActiveCfg = Debug|Any CPU
		{670CFCA1-3E4C-4184-BA3E-FC949201EB94}.Debug|Any CPU.Build.0 = Debug|Any CPU
		{670CFCA1-3E4C-4184-BA3E-FC949201EB94}.Release|Any CPU.ActiveCfg = Release|Any CPU
		{670CFCA1-3E4C-4184-BA3E-FC949201EB94}.Release|Any CPU.Build.0 = Release|Any CPU
	EndGlobalSection
	GlobalSection(SolutionProperties) = preSolution
		HideSolutionNode = FALSE
	EndGlobalSection
	GlobalSection(ExtensibilityGlobals) = postSolution
		SolutionGuid = {A2976B78-9F3E-4408-A63E-A389B48DCA61}
	EndGlobalSection
EndGlobal
