
Microsoft Visual Studio Solution File, Format Version 12.00
# Visual Studio Version 16
VisualStudioVersion = 16.0.30717.126
MinimumVisualStudioVersion = 10.0.40219.1
Project("{FAE04EC0-301F-11D3-BF4B-00C04F79EFBC}") = "Wi_Fi_Internal_Matriz_Do_Criminal_Neuro_Emocional", "Wi_Fi_Internal_Matriz_Do_Criminal_Neuro_Emocional\Wi_Fi_Internal_Matriz_Do_Criminal_Neuro_Emocional.csproj", "{703A92D0-74E5-43F8-A853-5C69E7C68F79}"
EndProject
Global
	GlobalSection(SolutionConfigurationPlatforms) = preSolution
		Debug|Any CPU = Debug|Any CPU
		Release|Any CPU = Release|Any CPU
	EndGlobalSection
	GlobalSection(ProjectConfigurationPlatforms) = postSolution
		{703A92D0-74E5-43F8-A853-5C69E7C68F79}.Debug|Any CPU.ActiveCfg = Debug|Any CPU
		{703A92D0-74E5-43F8-A853-5C69E7C68F79}.Debug|Any CPU.Build.0 = Debug|Any CPU
		{703A92D0-74E5-43F8-A853-5C69E7C68F79}.Release|Any CPU.ActiveCfg = Release|Any CPU
		{703A92D0-74E5-43F8-A853-5C69E7C68F79}.Release|Any CPU.Build.0 = Release|Any CPU
	EndGlobalSection
	GlobalSection(SolutionProperties) = preSolution
		HideSolutionNode = FALSE
	EndGlobalSection
	GlobalSection(ExtensibilityGlobals) = postSolution
		SolutionGuid = {F1BBEFAC-E88D-40DC-9B2A-817CC4256F15}
	EndGlobalSection
EndGlobal
