
Microsoft Visual Studio Solution File, Format Version 12.00
# Visual Studio Version 16
VisualStudioVersion = 16.0.30717.126
MinimumVisualStudioVersion = 10.0.40219.1
Project("{FAE04EC0-301F-11D3-BF4B-00C04F79EFBC}") = "Wi_Fi_Internal_Matriz_Da_Tolerância", "Wi_Fi_Internal_Matriz_Da_Tolerância\Wi_Fi_Internal_Matriz_Da_Tolerância.csproj", "{B548E7B1-C7CD-4E12-8339-2AF268874487}"
EndProject
Global
	GlobalSection(SolutionConfigurationPlatforms) = preSolution
		Debug|Any CPU = Debug|Any CPU
		Release|Any CPU = Release|Any CPU
	EndGlobalSection
	GlobalSection(ProjectConfigurationPlatforms) = postSolution
		{B548E7B1-C7CD-4E12-8339-2AF268874487}.Debug|Any CPU.ActiveCfg = Debug|Any CPU
		{B548E7B1-C7CD-4E12-8339-2AF268874487}.Debug|Any CPU.Build.0 = Debug|Any CPU
		{B548E7B1-C7CD-4E12-8339-2AF268874487}.Release|Any CPU.ActiveCfg = Release|Any CPU
		{B548E7B1-C7CD-4E12-8339-2AF268874487}.Release|Any CPU.Build.0 = Release|Any CPU
	EndGlobalSection
	GlobalSection(SolutionProperties) = preSolution
		HideSolutionNode = FALSE
	EndGlobalSection
	GlobalSection(ExtensibilityGlobals) = postSolution
		SolutionGuid = {BE68DFAF-2F05-469D-8C74-EF75DDAC56C7}
	EndGlobalSection
EndGlobal
