
Microsoft Visual Studio Solution File, Format Version 12.00
# Visual Studio Version 16
VisualStudioVersion = 16.0.30717.126
MinimumVisualStudioVersion = 10.0.40219.1
Project("{FAE04EC0-301F-11D3-BF4B-00C04F79EFBC}") = "Wi_Fi_Internal_Matriz_Da_Criminosa_Mídia", "Wi_Fi_Internal_Matriz_Da_Criminosa_Mídia\Wi_Fi_Internal_Matriz_Da_Criminosa_Mídia.csproj", "{9B5D7D88-8BE1-41F7-B0F9-1F17BAC591F2}"
EndProject
Global
	GlobalSection(SolutionConfigurationPlatforms) = preSolution
		Debug|Any CPU = Debug|Any CPU
		Release|Any CPU = Release|Any CPU
	EndGlobalSection
	GlobalSection(ProjectConfigurationPlatforms) = postSolution
		{9B5D7D88-8BE1-41F7-B0F9-1F17BAC591F2}.Debug|Any CPU.ActiveCfg = Debug|Any CPU
		{9B5D7D88-8BE1-41F7-B0F9-1F17BAC591F2}.Debug|Any CPU.Build.0 = Debug|Any CPU
		{9B5D7D88-8BE1-41F7-B0F9-1F17BAC591F2}.Release|Any CPU.ActiveCfg = Release|Any CPU
		{9B5D7D88-8BE1-41F7-B0F9-1F17BAC591F2}.Release|Any CPU.Build.0 = Release|Any CPU
	EndGlobalSection
	GlobalSection(SolutionProperties) = preSolution
		HideSolutionNode = FALSE
	EndGlobalSection
	GlobalSection(ExtensibilityGlobals) = postSolution
		SolutionGuid = {4CB7E7A6-FA1B-4A15-9B33-138380935125}
	EndGlobalSection
EndGlobal
