
Microsoft Visual Studio Solution File, Format Version 12.00
# Visual Studio Version 16
VisualStudioVersion = 16.0.30717.126
MinimumVisualStudioVersion = 10.0.40219.1
Project("{FAE04EC0-301F-11D3-BF4B-00C04F79EFBC}") = "Matriz_Da_Logica_Do_Diplomamento", "Matriz_Da_Logica_Do_Diplomamento\Matriz_Da_Logica_Do_Diplomamento.csproj", "{53691035-78E5-4DD2-8A1E-CE9A98212CF1}"
EndProject
Global
	GlobalSection(SolutionConfigurationPlatforms) = preSolution
		Debug|Any CPU = Debug|Any CPU
		Release|Any CPU = Release|Any CPU
	EndGlobalSection
	GlobalSection(ProjectConfigurationPlatforms) = postSolution
		{53691035-78E5-4DD2-8A1E-CE9A98212CF1}.Debug|Any CPU.ActiveCfg = Debug|Any CPU
		{53691035-78E5-4DD2-8A1E-CE9A98212CF1}.Debug|Any CPU.Build.0 = Debug|Any CPU
		{53691035-78E5-4DD2-8A1E-CE9A98212CF1}.Release|Any CPU.ActiveCfg = Release|Any CPU
		{53691035-78E5-4DD2-8A1E-CE9A98212CF1}.Release|Any CPU.Build.0 = Release|Any CPU
	EndGlobalSection
	GlobalSection(SolutionProperties) = preSolution
		HideSolutionNode = FALSE
	EndGlobalSection
	GlobalSection(ExtensibilityGlobals) = postSolution
		SolutionGuid = {ACC499F1-3149-42C9-AA38-F919CFDEBD69}
	EndGlobalSection
EndGlobal
