
Microsoft Visual Studio Solution File, Format Version 12.00
# Visual Studio Version 16
VisualStudioVersion = 16.0.30717.126
MinimumVisualStudioVersion = 10.0.40219.1
Project("{FAE04EC0-301F-11D3-BF4B-00C04F79EFBC}") = "Wi_Fi_Internal_Da_Matriz_Das_Criminais_Digitais_Do_Corpo", "Wi_Fi_Internal_Da_Matriz_Das_Criminais_Digitais_Do_Corpo\Wi_Fi_Internal_Da_Matriz_Das_Criminais_Digitais_Do_Corpo.csproj", "{DBFE27AA-2F67-47BA-AB40-E5038FE9360B}"
EndProject
Global
	GlobalSection(SolutionConfigurationPlatforms) = preSolution
		Debug|Any CPU = Debug|Any CPU
		Release|Any CPU = Release|Any CPU
	EndGlobalSection
	GlobalSection(ProjectConfigurationPlatforms) = postSolution
		{DBFE27AA-2F67-47BA-AB40-E5038FE9360B}.Debug|Any CPU.ActiveCfg = Debug|Any CPU
		{DBFE27AA-2F67-47BA-AB40-E5038FE9360B}.Debug|Any CPU.Build.0 = Debug|Any CPU
		{DBFE27AA-2F67-47BA-AB40-E5038FE9360B}.Release|Any CPU.ActiveCfg = Release|Any CPU
		{DBFE27AA-2F67-47BA-AB40-E5038FE9360B}.Release|Any CPU.Build.0 = Release|Any CPU
	EndGlobalSection
	GlobalSection(SolutionProperties) = preSolution
		HideSolutionNode = FALSE
	EndGlobalSection
	GlobalSection(ExtensibilityGlobals) = postSolution
		SolutionGuid = {47923929-F6E9-4EE8-92DB-389695C48E3D}
	EndGlobalSection
EndGlobal
