
Microsoft Visual Studio Solution File, Format Version 12.00
# Visual Studio Version 16
VisualStudioVersion = 16.0.30717.126
MinimumVisualStudioVersion = 10.0.40219.1
Project("{FAE04EC0-301F-11D3-BF4B-00C04F79EFBC}") = "Wi_Fi_Internal_Matriz_Dos_Drogados", "Wi_Fi_Internal_Matriz_Dos_Drogados\Wi_Fi_Internal_Matriz_Dos_Drogados.csproj", "{77222C3A-5429-43B9-A8B1-CA5EBA217B67}"
EndProject
Global
	GlobalSection(SolutionConfigurationPlatforms) = preSolution
		Debug|Any CPU = Debug|Any CPU
		Release|Any CPU = Release|Any CPU
	EndGlobalSection
	GlobalSection(ProjectConfigurationPlatforms) = postSolution
		{77222C3A-5429-43B9-A8B1-CA5EBA217B67}.Debug|Any CPU.ActiveCfg = Debug|Any CPU
		{77222C3A-5429-43B9-A8B1-CA5EBA217B67}.Debug|Any CPU.Build.0 = Debug|Any CPU
		{77222C3A-5429-43B9-A8B1-CA5EBA217B67}.Release|Any CPU.ActiveCfg = Release|Any CPU
		{77222C3A-5429-43B9-A8B1-CA5EBA217B67}.Release|Any CPU.Build.0 = Release|Any CPU
	EndGlobalSection
	GlobalSection(SolutionProperties) = preSolution
		HideSolutionNode = FALSE
	EndGlobalSection
	GlobalSection(ExtensibilityGlobals) = postSolution
		SolutionGuid = {56439FEF-649B-45C4-B627-255C5B6BCE96}
	EndGlobalSection
EndGlobal
