
Microsoft Visual Studio Solution File, Format Version 12.00
# Visual Studio Version 16
VisualStudioVersion = 16.0.30717.126
MinimumVisualStudioVersion = 10.0.40219.1
Project("{FAE04EC0-301F-11D3-BF4B-00C04F79EFBC}") = "Wi_Fi_Internal_Da_Matriz_Das_Criminosas_Digitais_Do_Corpo", "Wi_Fi_Internal_Da_Matriz_Das_Criminosas_Digitais_Do_Corpo\Wi_Fi_Internal_Da_Matriz_Das_Criminosas_Digitais_Do_Corpo.csproj", "{EB43C2C7-E574-4725-971A-54CD0AD9EB24}"
EndProject
Global
	GlobalSection(SolutionConfigurationPlatforms) = preSolution
		Debug|Any CPU = Debug|Any CPU
		Release|Any CPU = Release|Any CPU
	EndGlobalSection
	GlobalSection(ProjectConfigurationPlatforms) = postSolution
		{EB43C2C7-E574-4725-971A-54CD0AD9EB24}.Debug|Any CPU.ActiveCfg = Debug|Any CPU
		{EB43C2C7-E574-4725-971A-54CD0AD9EB24}.Debug|Any CPU.Build.0 = Debug|Any CPU
		{EB43C2C7-E574-4725-971A-54CD0AD9EB24}.Release|Any CPU.ActiveCfg = Release|Any CPU
		{EB43C2C7-E574-4725-971A-54CD0AD9EB24}.Release|Any CPU.Build.0 = Release|Any CPU
	EndGlobalSection
	GlobalSection(SolutionProperties) = preSolution
		HideSolutionNode = FALSE
	EndGlobalSection
	GlobalSection(ExtensibilityGlobals) = postSolution
		SolutionGuid = {79AAF83C-B231-4DF3-99BE-E59A479E445F}
	EndGlobalSection
EndGlobal
