
Microsoft Visual Studio Solution File, Format Version 12.00
# Visual Studio Version 16
VisualStudioVersion = 16.0.30717.126
MinimumVisualStudioVersion = 10.0.40219.1
Project("{FAE04EC0-301F-11D3-BF4B-00C04F79EFBC}") = "Wi_Fi_Internal_Matriz_Da_Logica_Do_Colchete", "Wi_Fi_Internal_Matriz_Da_Logica_Do_Colchete\Wi_Fi_Internal_Matriz_Da_Logica_Do_Colchete.csproj", "{0BB3F8F7-E38E-48FA-81F3-E2CBD9176742}"
EndProject
Global
	GlobalSection(SolutionConfigurationPlatforms) = preSolution
		Debug|Any CPU = Debug|Any CPU
		Release|Any CPU = Release|Any CPU
	EndGlobalSection
	GlobalSection(ProjectConfigurationPlatforms) = postSolution
		{0BB3F8F7-E38E-48FA-81F3-E2CBD9176742}.Debug|Any CPU.ActiveCfg = Debug|Any CPU
		{0BB3F8F7-E38E-48FA-81F3-E2CBD9176742}.Debug|Any CPU.Build.0 = Debug|Any CPU
		{0BB3F8F7-E38E-48FA-81F3-E2CBD9176742}.Release|Any CPU.ActiveCfg = Release|Any CPU
		{0BB3F8F7-E38E-48FA-81F3-E2CBD9176742}.Release|Any CPU.Build.0 = Release|Any CPU
	EndGlobalSection
	GlobalSection(SolutionProperties) = preSolution
		HideSolutionNode = FALSE
	EndGlobalSection
	GlobalSection(ExtensibilityGlobals) = postSolution
		SolutionGuid = {0987AA6E-2FFA-4C5F-A43E-D949EA71C46A}
	EndGlobalSection
EndGlobal
